PODS:
  - Alamofire (4.5.1)
  - expanding-collection (1.0.2)
  - FileKit (4.0.1)
  - FMDB (2.7.2):
    - FMDB/standard (= 2.7.2)
  - FMDB/standard (2.7.2)
  - InMobiSDK (7.0.0)
  - Kingfisher (3.12.2)
  - MJRefresh (3.1.12)
  - SAMKeychain (1.5.2)
  - SnapKit (3.2.0)
  - SVProgressHUD (2.1.2)
  - SwiftDate (4.3.0)
  - SwiftyJSON (3.1.4)
  - UITableView+FDTemplateLayoutCell (1.6)
  - YYCache (1.0.4)
  - YYCategories (1.0.4):
    - YYCategories/no-arc (= 1.0.4)
  - YYCategories/no-arc (1.0.4)
  - ZYCornerRadius (1.0.2)

DEPENDENCIES:
  - Alamofire
  - expanding-collection
  - FileKit
  - FMDB
  - InMobiSDK
  - Kingfisher (~> 3.12.2)
  - MJRefresh
  - SAMKeychain
  - SnapKit (~> 3.2.0)
  - SVProgressHUD (~> 2.1.2)
  - SwiftDate (~> 4.3.0)
  - SwiftyJSON
  - UITableView+FDTemplateLayoutCell
  - YYCache
  - YYCategories
  - ZYCornerRadius

SPEC CHECKSUMS:
  Alamofire: 2d95912bf4c34f164fdfc335872e8c312acaea4a
  expanding-collection: 0370a4efe83e6a016e0446b596444ac67c4c1460
  FileKit: 1ea916f594bc0bb9a3951f80edf92b52bb7f883c
  FMDB: 6198a90e7b6900cfc046e6bc0ef6ebb7be9236aa
  InMobiSDK: 79d36a77497fbd8305b2023da72f790c41f05206
  Kingfisher: 320626678acadfcf47008b3c6841cd882050737b
  MJRefresh: b96cdb21c4aa75a7b07654311ab2f315c497e806
  SAMKeychain: 1865333198217411f35327e8da61b43de79b635b
  SnapKit: 1ca44df72cfa543218d177cb8aab029d10d86ea7
  SVProgressHUD: c404a55d78acbeb7ebb78b76d3faf986475a6994
  SwiftDate: 64e2312711c5c506f7b51794308ce91f19eb494a
  SwiftyJSON: c2842d878f95482ffceec5709abc3d05680c0220
  UITableView+FDTemplateLayoutCell: 5c949b4a5059c404b442926c0e80f81d10a2d66f
  YYCache: 8105b6638f5e849296c71f331ff83891a4942952
  YYCategories: 6bcd4314c6661a561410dce4a793379ebd306abd
  ZYCornerRadius: f0af817be7805b5c63d793042ca7a03f81e14069

PODFILE CHECKSUM: e9ac4f4ac6041964414cf72cdf92c1d7562ba1a1

COCOAPODS: 1.3.1
